{
  "version": 4,
  "terraform_version": "1.3.8",
  "serial": 73,
  "lineage": "5cf790e4-b6b4-5bf8-31e4-5691ee99834c",
  "outputs": {
    "public_ip_address": {
      "value": [
        "52.137.1.172"
      ],
      "type": [
        "tuple",
        [
          "string"
        ]
      ]
    },
    "resource_group_name": {
      "value": "anhkhoal",
      "type": "string"
    }
  },
  "resources": [
    {
      "mode": "data",
      "type": "azurerm_client_config",
      "name": "current",
      "provider": "provider[\"registry.terraform.io/hashicorp/azurerm\"]",
      "instances": [
        {
          "schema_version": 0,
          "attributes": {
            "client_id": "04b07795-8ddb-461a-bbee-02f9e1bf7b46",
            "id": "Y2xpZW50Q29uZmlncy9jbGllbnRJZD0wNGIwNzc5NS04ZGRiLTQ2MWEtYmJlZS0wMmY5ZTFiZjdiNDY7b2JqZWN0SWQ9NTBlZjc1MjMtMjRlOC00ODIxLWI4YjMtYTBlNTE0ODUyNWYwO3N1YnNjcmlwdGlvbklkPTU1NmIzNDc5LTQ5ZTAtNDA0OC1hY2U5LTliMTAwZWZlNWI2ZDt0ZW5hbnRJZD1mYmQ1YjYwMi00MjNjLTQ3MjItYmU2Ny04MzgyYmM5ZGM4ZmE=",
            "object_id": "50ef7523-24e8-4821-b8b3-a0e5148525f0",
            "subscription_id": "556b3479-49e0-4048-ace9-9b100efe5b6d",
            "tenant_id": "fbd5b602-423c-4722-be67-8382bc9dc8fa",
            "timeouts": null
          },
          "sensitive_attributes": []
        }
      ]
    },
    {
      "mode": "managed",
      "type": "azurerm_key_vault",
      "name": "kv",
      "provider": "provider[\"registry.terraform.io/hashicorp/azurerm\"]",
      "instances": [
        {
          "schema_version": 2,
          "attributes": {
            "access_policy": [
              {
                "application_id": "",
                "certificate_permissions": [],
                "key_permissions": [
                  "Get"
                ],
                "object_id": "50ef7523-24e8-4821-b8b3-a0e5148525f0",
                "secret_permissions": [
                  "Get",
                  "Delete",
                  "List",
                  "Purge",
                  "Recover",
                  "Restore",
                  "Set"
                ],
                "storage_permissions": [],
                "tenant_id": "fbd5b602-423c-4722-be67-8382bc9dc8fa"
              }
            ],
            "contact": [],
            "enable_rbac_authorization": false,
            "enabled_for_deployment": false,
            "enabled_for_disk_encryption": true,
            "enabled_for_template_deployment": false,
            "id": "/subscriptions/556b3479-49e0-4048-ace9-9b100efe5b6d/resourceGroups/anhkhoal/providers/Microsoft.KeyVault/vaults/kvanhkhoal",
            "location": "westeurope",
            "name": "kvanhkhoal",
            "network_acls": [
              {
                "bypass": "AzureServices",
                "default_action": "Allow",
                "ip_rules": [],
                "virtual_network_subnet_ids": []
              }
            ],
            "public_network_access_enabled": true,
            "purge_protection_enabled": false,
            "resource_group_name": "anhkhoal",
            "sku_name": "standard",
            "soft_delete_retention_days": 7,
            "tags": {},
            "tenant_id": "fbd5b602-423c-4722-be67-8382bc9dc8fa",
            "timeouts": null,
            "vault_uri": "https://kvanhkhoal.vault.azure.net/"
          },
          "sensitive_attributes": [],
          "private": "eyJlMmJmYjczMC1lY2FhLTExZTYtOGY4OC0zNDM2M2JjN2M0YzAiOnsiY3JlYXRlIjoxODAwMDAwMDAwMDAwLCJkZWxldGUiOjE4MDAwMDAwMDAwMDAsInJlYWQiOjMwMDAwMDAwMDAwMCwidXBkYXRlIjoxODAwMDAwMDAwMDAwfSwic2NoZW1hX3ZlcnNpb24iOiIyIn0=",
          "dependencies": [
            "azurerm_resource_group.rg",
            "data.azurerm_client_config.current"
          ]
        }
      ]
    },
    {
      "mode": "managed",
      "type": "azurerm_key_vault_secret",
      "name": "kvsecret",
      "provider": "provider[\"registry.terraform.io/hashicorp/azurerm\"]",
      "instances": [
        {
          "schema_version": 0,
          "attributes": {
            "content_type": "",
            "expiration_date": null,
            "id": "https://kvanhkhoal.vault.azure.net/secrets/kvsanhkhoal/b803a9f09a384fdd8edf94e41eb2244c",
            "key_vault_id": "/subscriptions/556b3479-49e0-4048-ace9-9b100efe5b6d/resourceGroups/anhkhoal/providers/Microsoft.KeyVault/vaults/kvanhkhoal",
            "name": "kvsanhkhoal",
            "not_before_date": null,
            "resource_id": "/subscriptions/556b3479-49e0-4048-ace9-9b100efe5b6d/resourceGroups/anhkhoal/providers/Microsoft.KeyVault/vaults/kvanhkhoal/secrets/kvsanhkhoal/versions/b803a9f09a384fdd8edf94e41eb2244c",
            "resource_versionless_id": "/subscriptions/556b3479-49e0-4048-ace9-9b100efe5b6d/resourceGroups/anhkhoal/providers/Microsoft.KeyVault/vaults/kvanhkhoal/secrets/kvsanhkhoal",
            "tags": {},
            "timeouts": null,
            "value": "!9CIKN5msAM68qS9",
            "version": "b803a9f09a384fdd8edf94e41eb2244c",
            "versionless_id": "https://kvanhkhoal.vault.azure.net/secrets/kvsanhkhoal"
          },
          "sensitive_attributes": [
            [
              {
                "type": "get_attr",
                "value": "value"
              }
            ]
          ],
          "private": "eyJlMmJmYjczMC1lY2FhLTExZTYtOGY4OC0zNDM2M2JjN2M0YzAiOnsiY3JlYXRlIjoxODAwMDAwMDAwMDAwLCJkZWxldGUiOjE4MDAwMDAwMDAwMDAsInJlYWQiOjE4MDAwMDAwMDAwMDAsInVwZGF0ZSI6MTgwMDAwMDAwMDAwMH19",
          "dependencies": [
            "azurerm_key_vault.kv",
            "azurerm_resource_group.rg",
            "data.azurerm_client_config.current",
            "random_password.password"
          ]
        }
      ]
    },
    {
      "mode": "managed",
      "type": "azurerm_mssql_database",
      "name": "mysqldb",
      "provider": "provider[\"registry.terraform.io/hashicorp/azurerm\"]",
      "instances": [
        {
          "schema_version": 1,
          "attributes": {
            "auto_pause_delay_in_minutes": 60,
            "collation": "SQL_Latin1_General_CP1_CI_AS",
            "create_mode": "Default",
            "creation_source_database_id": null,
            "elastic_pool_id": "",
            "geo_backup_enabled": true,
            "id": "/subscriptions/556b3479-49e0-4048-ace9-9b100efe5b6d/resourceGroups/anhkhoal/providers/Microsoft.Sql/servers/mssqlserveranhkhoal/databases/mysqldbanhkhoal",
            "import": [],
            "ledger_enabled": false,
            "license_type": "",
            "long_term_retention_policy": [
              {
                "monthly_retention": "PT0S",
                "week_of_year": 1,
                "weekly_retention": "PT0S",
                "yearly_retention": "PT0S"
              }
            ],
            "maintenance_configuration_name": "SQL_Default",
            "max_size_gb": 4,
            "min_capacity": 1,
            "name": "mysqldbanhkhoal",
            "read_replica_count": 0,
            "read_scale": false,
            "recover_database_id": null,
            "restore_dropped_database_id": null,
            "restore_point_in_time": null,
            "sample_name": null,
            "server_id": "/subscriptions/556b3479-49e0-4048-ace9-9b100efe5b6d/resourceGroups/anhkhoal/providers/Microsoft.Sql/servers/mssqlserveranhkhoal",
            "short_term_retention_policy": [
              {
                "backup_interval_in_hours": 12,
                "retention_days": 7
              }
            ],
            "sku_name": "GP_S_Gen5_2",
            "storage_account_type": "Geo",
            "tags": {},
            "threat_detection_policy": [
              {
                "disabled_alerts": [],
                "email_account_admins": "Disabled",
                "email_addresses": [],
                "retention_days": 0,
                "state": "Disabled",
                "storage_account_access_key": "",
                "storage_endpoint": ""
              }
            ],
            "timeouts": null,
            "transparent_data_encryption_enabled": true,
            "zone_redundant": true
          },
          "sensitive_attributes": [],
          "private": "eyJlMmJmYjczMC1lY2FhLTExZTYtOGY4OC0zNDM2M2JjN2M0YzAiOnsiY3JlYXRlIjozNjAwMDAwMDAwMDAwLCJkZWxldGUiOjM2MDAwMDAwMDAwMDAsInJlYWQiOjMwMDAwMDAwMDAwMCwidXBkYXRlIjozNjAwMDAwMDAwMDAwfSwic2NoZW1hX3ZlcnNpb24iOiIxIn0=",
          "dependencies": [
            "azurerm_mssql_server.mssql",
            "azurerm_resource_group.rg",
            "random_password.password"
          ]
        }
      ]
    },
    {
      "mode": "managed",
      "type": "azurerm_mssql_server",
      "name": "mssql",
      "provider": "provider[\"registry.terraform.io/hashicorp/azurerm\"]",
      "instances": [
        {
          "schema_version": 0,
          "attributes": {
            "administrator_login": "anhkhoa",
            "administrator_login_password": "!9CIKN5msAM68qS9",
            "azuread_administrator": [],
            "connection_policy": "Default",
            "fully_qualified_domain_name": "mssqlserveranhkhoal.database.windows.net",
            "id": "/subscriptions/556b3479-49e0-4048-ace9-9b100efe5b6d/resourceGroups/anhkhoal/providers/Microsoft.Sql/servers/mssqlserveranhkhoal",
            "identity": [],
            "location": "westeurope",
            "minimum_tls_version": "1.2",
            "name": "mssqlserveranhkhoal",
            "outbound_network_restriction_enabled": false,
            "primary_user_assigned_identity_id": "",
            "public_network_access_enabled": true,
            "resource_group_name": "anhkhoal",
            "restorable_dropped_database_ids": [],
            "tags": {},
            "timeouts": null,
            "version": "12.0"
          },
          "sensitive_attributes": [
            [
              {
                "type": "get_attr",
                "value": "administrator_login_password"
              }
            ]
          ],
          "private": "eyJlMmJmYjczMC1lY2FhLTExZTYtOGY4OC0zNDM2M2JjN2M0YzAiOnsiY3JlYXRlIjozNjAwMDAwMDAwMDAwLCJkZWxldGUiOjM2MDAwMDAwMDAwMDAsInJlYWQiOjMwMDAwMDAwMDAwMCwidXBkYXRlIjozNjAwMDAwMDAwMDAwfX0=",
          "dependencies": [
            "azurerm_resource_group.rg",
            "random_password.password"
          ]
        }
      ]
    },
    {
      "mode": "managed",
      "type": "azurerm_network_interface",
      "name": "akl_terraform_nic",
      "provider": "provider[\"registry.terraform.io/hashicorp/azurerm\"]",
      "instances": [
        {
          "schema_version": 0,
          "attributes": {
            "applied_dns_servers": [],
            "dns_servers": [],
            "edge_zone": "",
            "enable_accelerated_networking": false,
            "enable_ip_forwarding": false,
            "id": "/subscriptions/556b3479-49e0-4048-ace9-9b100efe5b6d/resourceGroups/anhkhoalmultipleresource-7/providers/Microsoft.Network/networkInterfaces/AKLNIC",
            "internal_dns_name_label": "",
            "internal_domain_name_suffix": "zmlpikzs2faellsdjxdx2qyytb.ax.internal.cloudapp.net",
            "ip_configuration": [
              {
                "gateway_load_balancer_frontend_ip_configuration_id": "",
                "name": "testconfiguration1",
                "primary": true,
                "private_ip_address": "10.0.1.4",
                "private_ip_address_allocation": "Dynamic",
                "private_ip_address_version": "IPv4",
                "public_ip_address_id": "/subscriptions/556b3479-49e0-4048-ace9-9b100efe5b6d/resourceGroups/anhkhoalmultipleresource-7/providers/Microsoft.Network/publicIPAddresses/AKLPublicIP",
                "subnet_id": "/subscriptions/556b3479-49e0-4048-ace9-9b100efe5b6d/resourceGroups/anhkhoalmultipleresource-7/providers/Microsoft.Network/virtualNetworks/AKLVnet/subnets/AKLSubnet"
              }
            ],
            "location": "westeurope",
            "mac_address": "00-22-48-83-FF-22",
            "name": "AKLNIC",
            "private_ip_address": "10.0.1.4",
            "private_ip_addresses": [
              "10.0.1.4"
            ],
            "resource_group_name": "anhkhoalmultipleresource-7",
            "tags": {},
            "timeouts": null,
            "virtual_machine_id": "/subscriptions/556b3479-49e0-4048-ace9-9b100efe5b6d/resourceGroups/anhkhoalmultipleresource-7/providers/Microsoft.Compute/virtualMachines/AKLVM"
          },
          "sensitive_attributes": [],
          "private": "eyJlMmJmYjczMC1lY2FhLTExZTYtOGY4OC0zNDM2M2JjN2M0YzAiOnsiY3JlYXRlIjoxODAwMDAwMDAwMDAwLCJkZWxldGUiOjE4MDAwMDAwMDAwMDAsInJlYWQiOjMwMDAwMDAwMDAwMCwidXBkYXRlIjoxODAwMDAwMDAwMDAwfX0=",
          "dependencies": [
            "azurerm_public_ip.akl_terraform_public_ip",
            "azurerm_resource_group.multipleresource",
            "azurerm_subnet.akl_terraform_subnet",
            "azurerm_virtual_network.akl_terraform_network"
          ]
        }
      ]
    },
    {
      "mode": "managed",
      "type": "azurerm_public_ip",
      "name": "akl_terraform_public_ip",
      "provider": "provider[\"registry.terraform.io/hashicorp/azurerm\"]",
      "instances": [
        {
          "schema_version": 0,
          "attributes": {
            "allocation_method": "Dynamic",
            "ddos_protection_mode": "VirtualNetworkInherited",
            "ddos_protection_plan_id": null,
            "domain_name_label": null,
            "edge_zone": "",
            "fqdn": null,
            "id": "/subscriptions/556b3479-49e0-4048-ace9-9b100efe5b6d/resourceGroups/anhkhoalmultipleresource-7/providers/Microsoft.Network/publicIPAddresses/AKLPublicIP",
            "idle_timeout_in_minutes": 4,
            "ip_address": "52.137.1.172",
            "ip_tags": {},
            "ip_version": "IPv4",
            "location": "westeurope",
            "name": "AKLPublicIP",
            "public_ip_prefix_id": null,
            "resource_group_name": "anhkhoalmultipleresource-7",
            "reverse_fqdn": null,
            "sku": "Basic",
            "sku_tier": "Regional",
            "tags": {},
            "timeouts": null,
            "zones": []
          },
          "sensitive_attributes": [],
          "private": "eyJlMmJmYjczMC1lY2FhLTExZTYtOGY4OC0zNDM2M2JjN2M0YzAiOnsiY3JlYXRlIjoxODAwMDAwMDAwMDAwLCJkZWxldGUiOjE4MDAwMDAwMDAwMDAsInJlYWQiOjMwMDAwMDAwMDAwMCwidXBkYXRlIjoxODAwMDAwMDAwMDAwfX0=",
          "dependencies": [
            "azurerm_resource_group.multipleresource"
          ]
        }
      ]
    },
    {
      "mode": "managed",
      "type": "azurerm_resource_group",
      "name": "multipleresource",
      "provider": "provider[\"registry.terraform.io/hashicorp/azurerm\"]",
      "instances": [
        {
          "index_key": 0,
          "schema_version": 0,
          "attributes": {
            "id": "/subscriptions/556b3479-49e0-4048-ace9-9b100efe5b6d/resourceGroups/anhkhoalmultipleresource-0",
            "location": "westeurope",
            "name": "anhkhoalmultipleresource-0",
            "tags": {},
            "timeouts": null
          },
          "sensitive_attributes": [],
          "private": "eyJlMmJmYjczMC1lY2FhLTExZTYtOGY4OC0zNDM2M2JjN2M0YzAiOnsiY3JlYXRlIjo1NDAwMDAwMDAwMDAwLCJkZWxldGUiOjU0MDAwMDAwMDAwMDAsInJlYWQiOjMwMDAwMDAwMDAwMCwidXBkYXRlIjo1NDAwMDAwMDAwMDAwfX0="
        },
        {
          "index_key": 1,
          "schema_version": 0,
          "attributes": {
            "id": "/subscriptions/556b3479-49e0-4048-ace9-9b100efe5b6d/resourceGroups/anhkhoalmultipleresource-1",
            "location": "westeurope",
            "name": "anhkhoalmultipleresource-1",
            "tags": {},
            "timeouts": null
          },
          "sensitive_attributes": [],
          "private": "eyJlMmJmYjczMC1lY2FhLTExZTYtOGY4OC0zNDM2M2JjN2M0YzAiOnsiY3JlYXRlIjo1NDAwMDAwMDAwMDAwLCJkZWxldGUiOjU0MDAwMDAwMDAwMDAsInJlYWQiOjMwMDAwMDAwMDAwMCwidXBkYXRlIjo1NDAwMDAwMDAwMDAwfX0="
        },
        {
          "index_key": 2,
          "schema_version": 0,
          "attributes": {
            "id": "/subscriptions/556b3479-49e0-4048-ace9-9b100efe5b6d/resourceGroups/anhkhoalmultipleresource-2",
            "location": "westeurope",
            "name": "anhkhoalmultipleresource-2",
            "tags": {},
            "timeouts": null
          },
          "sensitive_attributes": [],
          "private": "eyJlMmJmYjczMC1lY2FhLTExZTYtOGY4OC0zNDM2M2JjN2M0YzAiOnsiY3JlYXRlIjo1NDAwMDAwMDAwMDAwLCJkZWxldGUiOjU0MDAwMDAwMDAwMDAsInJlYWQiOjMwMDAwMDAwMDAwMCwidXBkYXRlIjo1NDAwMDAwMDAwMDAwfX0="
        },
        {
          "index_key": 3,
          "schema_version": 0,
          "attributes": {
            "id": "/subscriptions/556b3479-49e0-4048-ace9-9b100efe5b6d/resourceGroups/anhkhoalmultipleresource-3",
            "location": "westeurope",
            "name": "anhkhoalmultipleresource-3",
            "tags": {},
            "timeouts": null
          },
          "sensitive_attributes": [],
          "private": "eyJlMmJmYjczMC1lY2FhLTExZTYtOGY4OC0zNDM2M2JjN2M0YzAiOnsiY3JlYXRlIjo1NDAwMDAwMDAwMDAwLCJkZWxldGUiOjU0MDAwMDAwMDAwMDAsInJlYWQiOjMwMDAwMDAwMDAwMCwidXBkYXRlIjo1NDAwMDAwMDAwMDAwfX0="
        },
        {
          "index_key": 4,
          "schema_version": 0,
          "attributes": {
            "id": "/subscriptions/556b3479-49e0-4048-ace9-9b100efe5b6d/resourceGroups/anhkhoalmultipleresource-4",
            "location": "westeurope",
            "name": "anhkhoalmultipleresource-4",
            "tags": {},
            "timeouts": null
          },
          "sensitive_attributes": [],
          "private": "eyJlMmJmYjczMC1lY2FhLTExZTYtOGY4OC0zNDM2M2JjN2M0YzAiOnsiY3JlYXRlIjo1NDAwMDAwMDAwMDAwLCJkZWxldGUiOjU0MDAwMDAwMDAwMDAsInJlYWQiOjMwMDAwMDAwMDAwMCwidXBkYXRlIjo1NDAwMDAwMDAwMDAwfX0="
        },
        {
          "index_key": 5,
          "schema_version": 0,
          "attributes": {
            "id": "/subscriptions/556b3479-49e0-4048-ace9-9b100efe5b6d/resourceGroups/anhkhoalmultipleresource-5",
            "location": "westeurope",
            "name": "anhkhoalmultipleresource-5",
            "tags": {},
            "timeouts": null
          },
          "sensitive_attributes": [],
          "private": "eyJlMmJmYjczMC1lY2FhLTExZTYtOGY4OC0zNDM2M2JjN2M0YzAiOnsiY3JlYXRlIjo1NDAwMDAwMDAwMDAwLCJkZWxldGUiOjU0MDAwMDAwMDAwMDAsInJlYWQiOjMwMDAwMDAwMDAwMCwidXBkYXRlIjo1NDAwMDAwMDAwMDAwfX0="
        },
        {
          "index_key": 6,
          "schema_version": 0,
          "attributes": {
            "id": "/subscriptions/556b3479-49e0-4048-ace9-9b100efe5b6d/resourceGroups/anhkhoalmultipleresource-6",
            "location": "westeurope",
            "name": "anhkhoalmultipleresource-6",
            "tags": {},
            "timeouts": null
          },
          "sensitive_attributes": [],
          "private": "eyJlMmJmYjczMC1lY2FhLTExZTYtOGY4OC0zNDM2M2JjN2M0YzAiOnsiY3JlYXRlIjo1NDAwMDAwMDAwMDAwLCJkZWxldGUiOjU0MDAwMDAwMDAwMDAsInJlYWQiOjMwMDAwMDAwMDAwMCwidXBkYXRlIjo1NDAwMDAwMDAwMDAwfX0="
        },
        {
          "index_key": 7,
          "schema_version": 0,
          "attributes": {
            "id": "/subscriptions/556b3479-49e0-4048-ace9-9b100efe5b6d/resourceGroups/anhkhoalmultipleresource-7",
            "location": "westeurope",
            "name": "anhkhoalmultipleresource-7",
            "tags": {},
            "timeouts": null
          },
          "sensitive_attributes": [],
          "private": "eyJlMmJmYjczMC1lY2FhLTExZTYtOGY4OC0zNDM2M2JjN2M0YzAiOnsiY3JlYXRlIjo1NDAwMDAwMDAwMDAwLCJkZWxldGUiOjU0MDAwMDAwMDAwMDAsInJlYWQiOjMwMDAwMDAwMDAwMCwidXBkYXRlIjo1NDAwMDAwMDAwMDAwfX0="
        },
        {
          "index_key": 8,
          "schema_version": 0,
          "attributes": {
            "id": "/subscriptions/556b3479-49e0-4048-ace9-9b100efe5b6d/resourceGroups/anhkhoalmultipleresource-8",
            "location": "westeurope",
            "name": "anhkhoalmultipleresource-8",
            "tags": {},
            "timeouts": null
          },
          "sensitive_attributes": [],
          "private": "eyJlMmJmYjczMC1lY2FhLTExZTYtOGY4OC0zNDM2M2JjN2M0YzAiOnsiY3JlYXRlIjo1NDAwMDAwMDAwMDAwLCJkZWxldGUiOjU0MDAwMDAwMDAwMDAsInJlYWQiOjMwMDAwMDAwMDAwMCwidXBkYXRlIjo1NDAwMDAwMDAwMDAwfX0="
        },
        {
          "index_key": 9,
          "schema_version": 0,
          "attributes": {
            "id": "/subscriptions/556b3479-49e0-4048-ace9-9b100efe5b6d/resourceGroups/anhkhoalmultipleresource-9",
            "location": "westeurope",
            "name": "anhkhoalmultipleresource-9",
            "tags": {},
            "timeouts": null
          },
          "sensitive_attributes": [],
          "private": "eyJlMmJmYjczMC1lY2FhLTExZTYtOGY4OC0zNDM2M2JjN2M0YzAiOnsiY3JlYXRlIjo1NDAwMDAwMDAwMDAwLCJkZWxldGUiOjU0MDAwMDAwMDAwMDAsInJlYWQiOjMwMDAwMDAwMDAwMCwidXBkYXRlIjo1NDAwMDAwMDAwMDAwfX0="
        }
      ]
    },
    {
      "mode": "managed",
      "type": "azurerm_resource_group",
      "name": "rg",
      "provider": "provider[\"registry.terraform.io/hashicorp/azurerm\"]",
      "instances": [
        {
          "schema_version": 0,
          "attributes": {
            "id": "/subscriptions/556b3479-49e0-4048-ace9-9b100efe5b6d/resourceGroups/anhkhoal",
            "location": "westeurope",
            "name": "anhkhoal",
            "tags": {},
            "timeouts": null
          },
          "sensitive_attributes": [],
          "private": "eyJlMmJmYjczMC1lY2FhLTExZTYtOGY4OC0zNDM2M2JjN2M0YzAiOnsiY3JlYXRlIjo1NDAwMDAwMDAwMDAwLCJkZWxldGUiOjU0MDAwMDAwMDAwMDAsInJlYWQiOjMwMDAwMDAwMDAwMCwidXBkYXRlIjo1NDAwMDAwMDAwMDAwfX0="
        }
      ]
    },
    {
      "mode": "managed",
      "type": "azurerm_resource_group",
      "name": "rgsakl",
      "provider": "provider[\"registry.terraform.io/hashicorp/azurerm\"]",
      "instances": [
        {
          "index_key": "first",
          "schema_version": 0,
          "attributes": {
            "id": "/subscriptions/556b3479-49e0-4048-ace9-9b100efe5b6d/resourceGroups/aklwesteu",
            "location": "westeurope",
            "name": "aklwesteu",
            "tags": {},
            "timeouts": null
          },
          "sensitive_attributes": [],
          "private": "eyJlMmJmYjczMC1lY2FhLTExZTYtOGY4OC0zNDM2M2JjN2M0YzAiOnsiY3JlYXRlIjo1NDAwMDAwMDAwMDAwLCJkZWxldGUiOjU0MDAwMDAwMDAwMDAsInJlYWQiOjMwMDAwMDAwMDAwMCwidXBkYXRlIjo1NDAwMDAwMDAwMDAwfX0="
        },
        {
          "index_key": "second",
          "schema_version": 0,
          "attributes": {
            "id": "/subscriptions/556b3479-49e0-4048-ace9-9b100efe5b6d/resourceGroups/aklwestus",
            "location": "westus",
            "name": "aklwestus",
            "tags": {},
            "timeouts": null
          },
          "sensitive_attributes": [],
          "private": "eyJlMmJmYjczMC1lY2FhLTExZTYtOGY4OC0zNDM2M2JjN2M0YzAiOnsiY3JlYXRlIjo1NDAwMDAwMDAwMDAwLCJkZWxldGUiOjU0MDAwMDAwMDAwMDAsInJlYWQiOjMwMDAwMDAwMDAwMCwidXBkYXRlIjo1NDAwMDAwMDAwMDAwfX0="
        },
        {
          "index_key": "third",
          "schema_version": 0,
          "attributes": {
            "id": "/subscriptions/556b3479-49e0-4048-ace9-9b100efe5b6d/resourceGroups/aklfc",
            "location": "francecentral",
            "name": "aklfc",
            "tags": {},
            "timeouts": null
          },
          "sensitive_attributes": [],
          "private": "eyJlMmJmYjczMC1lY2FhLTExZTYtOGY4OC0zNDM2M2JjN2M0YzAiOnsiY3JlYXRlIjo1NDAwMDAwMDAwMDAwLCJkZWxldGUiOjU0MDAwMDAwMDAwMDAsInJlYWQiOjMwMDAwMDAwMDAwMCwidXBkYXRlIjo1NDAwMDAwMDAwMDAwfX0="
        }
      ]
    },
    {
      "mode": "managed",
      "type": "azurerm_storage_account",
      "name": "storage",
      "provider": "provider[\"registry.terraform.io/hashicorp/azurerm\"]",
      "instances": [
        {
          "schema_version": 3,
          "attributes": {
            "access_tier": "Cool",
            "account_kind": "StorageV2",
            "account_replication_type": "GRS",
            "account_tier": "Standard",
            "allow_nested_items_to_be_public": true,
            "allowed_copy_scope": "",
            "azure_files_authentication": [],
            "blob_properties": [
              {
                "change_feed_enabled": false,
                "change_feed_retention_in_days": 0,
                "container_delete_retention_policy": [],
                "cors_rule": [],
                "default_service_version": "",
                "delete_retention_policy": [],
                "last_access_time_enabled": false,
                "restore_policy": [],
                "versioning_enabled": false
              }
            ],
            "cross_tenant_replication_enabled": true,
            "custom_domain": [],
            "customer_managed_key": [],
            "default_to_oauth_authentication": false,
            "edge_zone": "",
            "enable_https_traffic_only": true,
            "id": "/subscriptions/556b3479-49e0-4048-ace9-9b100efe5b6d/resourceGroups/anhkhoal/providers/Microsoft.Storage/storageAccounts/storageanhkhoal",
            "identity": [],
            "immutability_policy": [],
            "infrastructure_encryption_enabled": false,
            "is_hns_enabled": false,
            "large_file_share_enabled": null,
            "location": "westeurope",
            "min_tls_version": "TLS1_2",
            "name": "storageanhkhoal",
            "network_rules": [
              {
                "bypass": [
                  "AzureServices"
                ],
                "default_action": "Allow",
                "ip_rules": [],
                "private_link_access": [],
                "virtual_network_subnet_ids": []
              }
            ],
            "nfsv3_enabled": false,
            "primary_access_key": "0u8ynR+b0YlCPnbUF8T7CwLPosCwurwjMPbDhamNFgrT9MF4izKir25BOU47YhH3UHA3rjDLfc23+AStC573zA==",
            "primary_blob_connection_string": "DefaultEndpointsProtocol=https;BlobEndpoint=https://storageanhkhoal.blob.core.windows.net/;AccountName=storageanhkhoal;AccountKey=0u8ynR+b0YlCPnbUF8T7CwLPosCwurwjMPbDhamNFgrT9MF4izKir25BOU47YhH3UHA3rjDLfc23+AStC573zA==",
            "primary_blob_endpoint": "https://storageanhkhoal.blob.core.windows.net/",
            "primary_blob_host": "storageanhkhoal.blob.core.windows.net",
            "primary_connection_string": "DefaultEndpointsProtocol=https;AccountName=storageanhkhoal;AccountKey=0u8ynR+b0YlCPnbUF8T7CwLPosCwurwjMPbDhamNFgrT9MF4izKir25BOU47YhH3UHA3rjDLfc23+AStC573zA==;EndpointSuffix=core.windows.net",
            "primary_dfs_endpoint": "https://storageanhkhoal.dfs.core.windows.net/",
            "primary_dfs_host": "storageanhkhoal.dfs.core.windows.net",
            "primary_file_endpoint": "https://storageanhkhoal.file.core.windows.net/",
            "primary_file_host": "storageanhkhoal.file.core.windows.net",
            "primary_location": "westeurope",
            "primary_queue_endpoint": "https://storageanhkhoal.queue.core.windows.net/",
            "primary_queue_host": "storageanhkhoal.queue.core.windows.net",
            "primary_table_endpoint": "https://storageanhkhoal.table.core.windows.net/",
            "primary_table_host": "storageanhkhoal.table.core.windows.net",
            "primary_web_endpoint": "https://storageanhkhoal.z6.web.core.windows.net/",
            "primary_web_host": "storageanhkhoal.z6.web.core.windows.net",
            "public_network_access_enabled": true,
            "queue_encryption_key_type": "Service",
            "queue_properties": [
              {
                "cors_rule": [],
                "hour_metrics": [
                  {
                    "enabled": true,
                    "include_apis": true,
                    "retention_policy_days": 7,
                    "version": "1.0"
                  }
                ],
                "logging": [
                  {
                    "delete": false,
                    "read": false,
                    "retention_policy_days": 0,
                    "version": "1.0",
                    "write": false
                  }
                ],
                "minute_metrics": [
                  {
                    "enabled": false,
                    "include_apis": false,
                    "retention_policy_days": 0,
                    "version": "1.0"
                  }
                ]
              }
            ],
            "resource_group_name": "anhkhoal",
            "routing": [],
            "sas_policy": [],
            "secondary_access_key": "JNqDkvgv4FYXrlS9WjC4+yMkh0A6NgsZZHWVJS0awRVp7Q/daMwFBPQp9SE/yD4ooc+anBhWwWSZ+AStMz8j8Q==",
            "secondary_blob_connection_string": "",
            "secondary_blob_endpoint": null,
            "secondary_blob_host": null,
            "secondary_connection_string": "DefaultEndpointsProtocol=https;AccountName=storageanhkhoal;AccountKey=JNqDkvgv4FYXrlS9WjC4+yMkh0A6NgsZZHWVJS0awRVp7Q/daMwFBPQp9SE/yD4ooc+anBhWwWSZ+AStMz8j8Q==;EndpointSuffix=core.windows.net",
            "secondary_dfs_endpoint": null,
            "secondary_dfs_host": null,
            "secondary_file_endpoint": null,
            "secondary_file_host": null,
            "secondary_location": "northeurope",
            "secondary_queue_endpoint": null,
            "secondary_queue_host": null,
            "secondary_table_endpoint": null,
            "secondary_table_host": null,
            "secondary_web_endpoint": null,
            "secondary_web_host": null,
            "sftp_enabled": false,
            "share_properties": [
              {
                "cors_rule": [],
                "retention_policy": [
                  {
                    "days": 7
                  }
                ],
                "smb": []
              }
            ],
            "shared_access_key_enabled": true,
            "static_website": [],
            "table_encryption_key_type": "Service",
            "tags": {
              "environment": "staging"
            },
            "timeouts": null
          },
          "sensitive_attributes": [],
          "private": "eyJlMmJmYjczMC1lY2FhLTExZTYtOGY4OC0zNDM2M2JjN2M0YzAiOnsiY3JlYXRlIjozNjAwMDAwMDAwMDAwLCJkZWxldGUiOjM2MDAwMDAwMDAwMDAsInJlYWQiOjMwMDAwMDAwMDAwMCwidXBkYXRlIjozNjAwMDAwMDAwMDAwfSwic2NoZW1hX3ZlcnNpb24iOiIzIn0=",
          "dependencies": [
            "azurerm_resource_group.rg"
          ]
        }
      ]
    },
    {
      "mode": "managed",
      "type": "azurerm_subnet",
      "name": "akl_terraform_subnet",
      "provider": "provider[\"registry.terraform.io/hashicorp/azurerm\"]",
      "instances": [
        {
          "schema_version": 0,
          "attributes": {
            "address_prefixes": [
              "10.0.1.0/24"
            ],
            "delegation": [],
            "enforce_private_link_endpoint_network_policies": false,
            "enforce_private_link_service_network_policies": false,
            "id": "/subscriptions/556b3479-49e0-4048-ace9-9b100efe5b6d/resourceGroups/anhkhoalmultipleresource-7/providers/Microsoft.Network/virtualNetworks/AKLVnet/subnets/AKLSubnet",
            "name": "AKLSubnet",
            "private_endpoint_network_policies_enabled": true,
            "private_link_service_network_policies_enabled": true,
            "resource_group_name": "anhkhoalmultipleresource-7",
            "service_endpoint_policy_ids": [],
            "service_endpoints": [],
            "timeouts": null,
            "virtual_network_name": "AKLVnet"
          },
          "sensitive_attributes": [],
          "private": "eyJlMmJmYjczMC1lY2FhLTExZTYtOGY4OC0zNDM2M2JjN2M0YzAiOnsiY3JlYXRlIjoxODAwMDAwMDAwMDAwLCJkZWxldGUiOjE4MDAwMDAwMDAwMDAsInJlYWQiOjMwMDAwMDAwMDAwMCwidXBkYXRlIjoxODAwMDAwMDAwMDAwfX0=",
          "dependencies": [
            "azurerm_resource_group.multipleresource",
            "azurerm_virtual_network.akl_terraform_network"
          ]
        }
      ]
    },
    {
      "mode": "managed",
      "type": "azurerm_virtual_machine",
      "name": "akl_terraform_vm",
      "provider": "provider[\"registry.terraform.io/hashicorp/azurerm\"]",
      "instances": [
        {
          "schema_version": 0,
          "attributes": {
            "additional_capabilities": [],
            "availability_set_id": null,
            "boot_diagnostics": [],
            "delete_data_disks_on_termination": false,
            "delete_os_disk_on_termination": false,
            "id": "/subscriptions/556b3479-49e0-4048-ace9-9b100efe5b6d/resourceGroups/anhkhoalmultipleresource-7/providers/Microsoft.Compute/virtualMachines/AKLVM",
            "identity": [],
            "license_type": null,
            "location": "westeurope",
            "name": "AKLVM",
            "network_interface_ids": [
              "/subscriptions/556b3479-49e0-4048-ace9-9b100efe5b6d/resourceGroups/anhkhoalmultipleresource-7/providers/Microsoft.Network/networkInterfaces/AKLNIC"
            ],
            "os_profile": [
              {
                "admin_password": "",
                "admin_username": "testadmin",
                "computer_name": "hostname",
                "custom_data": ""
              }
            ],
            "os_profile_linux_config": [
              {
                "disable_password_authentication": false,
                "ssh_keys": []
              }
            ],
            "os_profile_secrets": [],
            "os_profile_windows_config": [],
            "plan": [],
            "primary_network_interface_id": null,
            "proximity_placement_group_id": null,
            "resource_group_name": "anhkhoalmultipleresource-7",
            "storage_data_disk": [],
            "storage_image_reference": [
              {
                "id": "",
                "offer": "UbuntuServer",
                "publisher": "Canonical",
                "sku": "16.04-LTS",
                "version": "latest"
              }
            ],
            "storage_os_disk": [
              {
                "caching": "ReadWrite",
                "create_option": "FromImage",
                "disk_size_gb": 30,
                "image_uri": "",
                "managed_disk_id": "/subscriptions/556b3479-49e0-4048-ace9-9b100efe5b6d/resourceGroups/anhkhoalmultipleresource-7/providers/Microsoft.Compute/disks/myosdisk1",
                "managed_disk_type": "Standard_LRS",
                "name": "myosdisk1",
                "os_type": "Linux",
                "vhd_uri": "",
                "write_accelerator_enabled": false
              }
            ],
            "tags": {},
            "timeouts": null,
            "vm_size": "Standard_DS1_v2",
            "zones": []
          },
          "sensitive_attributes": [],
          "private": "eyJlMmJmYjczMC1lY2FhLTExZTYtOGY4OC0zNDM2M2JjN2M0YzAiOnsiY3JlYXRlIjozNjAwMDAwMDAwMDAwLCJkZWxldGUiOjM2MDAwMDAwMDAwMDAsInJlYWQiOjMwMDAwMDAwMDAwMCwidXBkYXRlIjozNjAwMDAwMDAwMDAwfX0=",
          "dependencies": [
            "azurerm_network_interface.akl_terraform_nic",
            "azurerm_public_ip.akl_terraform_public_ip",
            "azurerm_resource_group.multipleresource",
            "azurerm_subnet.akl_terraform_subnet",
            "azurerm_virtual_network.akl_terraform_network"
          ]
        }
      ]
    },
    {
      "mode": "managed",
      "type": "azurerm_virtual_network",
      "name": "akl_terraform_network",
      "provider": "provider[\"registry.terraform.io/hashicorp/azurerm\"]",
      "instances": [
        {
          "schema_version": 0,
          "attributes": {
            "address_space": [
              "10.0.0.0/16"
            ],
            "bgp_community": "",
            "ddos_protection_plan": [],
            "dns_servers": [],
            "edge_zone": "",
            "flow_timeout_in_minutes": 0,
            "guid": "2bf416cb-e132-4540-ae43-4dc77e431899",
            "id": "/subscriptions/556b3479-49e0-4048-ace9-9b100efe5b6d/resourceGroups/anhkhoalmultipleresource-7/providers/Microsoft.Network/virtualNetworks/AKLVnet",
            "location": "westeurope",
            "name": "AKLVnet",
            "resource_group_name": "anhkhoalmultipleresource-7",
            "subnet": [
              {
                "address_prefix": "10.0.1.0/24",
                "id": "/subscriptions/556b3479-49e0-4048-ace9-9b100efe5b6d/resourceGroups/anhkhoalmultipleresource-7/providers/Microsoft.Network/virtualNetworks/AKLVnet/subnets/AKLSubnet",
                "name": "AKLSubnet",
                "security_group": ""
              }
            ],
            "tags": {},
            "timeouts": null
          },
          "sensitive_attributes": [],
          "private": "eyJlMmJmYjczMC1lY2FhLTExZTYtOGY4OC0zNDM2M2JjN2M0YzAiOnsiY3JlYXRlIjoxODAwMDAwMDAwMDAwLCJkZWxldGUiOjE4MDAwMDAwMDAwMDAsInJlYWQiOjMwMDAwMDAwMDAwMCwidXBkYXRlIjoxODAwMDAwMDAwMDAwfX0=",
          "dependencies": [
            "azurerm_resource_group.multipleresource"
          ]
        }
      ]
    },
    {
      "mode": "managed",
      "type": "random_password",
      "name": "password",
      "provider": "provider[\"registry.terraform.io/hashicorp/random\"]",
      "instances": [
        {
          "schema_version": 3,
          "attributes": {
            "bcrypt_hash": "$2a$10$wA/WEOuEUAX5Ya7oh/2LieYTvlBRjnPQdAezuWSF0cIQe1mSUk.Y.",
            "id": "none",
            "keepers": null,
            "length": 16,
            "lower": true,
            "min_lower": 1,
            "min_numeric": 1,
            "min_special": 1,
            "min_upper": 1,
            "number": true,
            "numeric": true,
            "override_special": "!",
            "result": "!9CIKN5msAM68qS9",
            "special": true,
            "upper": true
          },
          "sensitive_attributes": []
        }
      ]
    }
  ],
  "check_results": null
}
